// !$*UTF8*$!
{
	archiveVersion = 1;
	classes = {
	};
	objectVersion = 50;
	objects = {

/* Begin PBXBuildFile section */
		0500C01BCD5F7E2512921C29 /* Pods_BikeShareTests.framework in Frameworks */ = {isa = PBXBuildFile; fileRef = F1EAE49AB75839E4800814E6 /* Pods_BikeShareTests.framework */; };
		180B849E217F99380026E6A7 /* CreatNewUserPresenter.swift in Sources */ = {isa = PBXBuildFile; fileRef = 180B849D217F99380026E6A7 /* CreatNewUserPresenter.swift */; };
		180B84A1217F9E470026E6A7 /* NetworkInterfaceView.swift in Sources */ = {isa = PBXBuildFile; fileRef = 180B84A0217F9E470026E6A7 /* NetworkInterfaceView.swift */; };
		180B84A3217F9EF10026E6A7 /* NearByBikeView.swift in Sources */ = {isa = PBXBuildFile; fileRef = 180B84A2217F9EF10026E6A7 /* NearByBikeView.swift */; };
		182E0463217B09270022D132 /* AppDelegate.swift in Sources */ = {isa = PBXBuildFile; fileRef = 182E0462217B09270022D132 /* AppDelegate.swift */; };
		182E0465217B09270022D132 /* ViewController.swift in Sources */ = {isa = PBXBuildFile; fileRef = 182E0464217B09270022D132 /* ViewController.swift */; };
		182E0468217B09270022D132 /* Main.storyboard in Resources */ = {isa = PBXBuildFile; fileRef = 182E0466217B09270022D132 /* Main.storyboard */; };
		182E046A217B09290022D132 /* Assets.xcassets in Resources */ = {isa = PBXBuildFile; fileRef = 182E0469217B09290022D132 /* Assets.xcassets */; };
		182E046D217B09290022D132 /* LaunchScreen.storyboard in Resources */ = {isa = PBXBuildFile; fileRef = 182E046B217B09290022D132 /* LaunchScreen.storyboard */; };
		182E0478217B092A0022D132 /* BikeShareTests.swift in Sources */ = {isa = PBXBuildFile; fileRef = 182E0477217B092A0022D132 /* BikeShareTests.swift */; };
		182E0483217B092A0022D132 /* BikeShareUITests.swift in Sources */ = {isa = PBXBuildFile; fileRef = 182E0482217B092A0022D132 /* BikeShareUITests.swift */; };
		182E0494217B0BB80022D132 /* NetworkInterface.swift in Sources */ = {isa = PBXBuildFile; fileRef = 182E0491217B0BB80022D132 /* NetworkInterface.swift */; };
		182E0495217B0BB80022D132 /* BikeNetworkError.swift in Sources */ = {isa = PBXBuildFile; fileRef = 182E0492217B0BB80022D132 /* BikeNetworkError.swift */; };
		182E0496217B0BB80022D132 /* BikeNetworkRequests.swift in Sources */ = {isa = PBXBuildFile; fileRef = 182E0493217B0BB80022D132 /* BikeNetworkRequests.swift */; };
		182E049D217C95D20022D132 /* Location.swift in Sources */ = {isa = PBXBuildFile; fileRef = 182E049B217C95D20022D132 /* Location.swift */; };
		182E049E217C95D20022D132 /* RootClass.swift in Sources */ = {isa = PBXBuildFile; fileRef = 182E049C217C95D20022D132 /* RootClass.swift */; };
		182E04A5217C9DE60022D132 /* NearByBikeController.swift in Sources */ = {isa = PBXBuildFile; fileRef = 182E04A2217C9DE60022D132 /* NearByBikeController.swift */; };
		182E04A6217C9DE60022D132 /* NearByBikePresenter.swift in Sources */ = {isa = PBXBuildFile; fileRef = 182E04A4217C9DE60022D132 /* NearByBikePresenter.swift */; };
		183A6F69217E260200ADC8F4 /* UserCollectionViewCell.swift in Sources */ = {isa = PBXBuildFile; fileRef = 183A6F68217E260200ADC8F4 /* UserCollectionViewCell.swift */; };
		183A6F6C217E475500ADC8F4 /* GlobalUltil.swift in Sources */ = {isa = PBXBuildFile; fileRef = 183A6F6B217E475500ADC8F4 /* GlobalUltil.swift */; };
		183A6F70217E55ED00ADC8F4 /* CreateNewUserController.swift in Sources */ = {isa = PBXBuildFile; fileRef = 183A6F6F217E55ED00ADC8F4 /* CreateNewUserController.swift */; };
		186444BB21833994008AF8C8 /* ReturnBikeController.swift in Sources */ = {isa = PBXBuildFile; fileRef = 186444BA21833994008AF8C8 /* ReturnBikeController.swift */; };
		186444BD21834751008AF8C8 /* ReturnBikePresenter.swift in Sources */ = {isa = PBXBuildFile; fileRef = 186444BC21834751008AF8C8 /* ReturnBikePresenter.swift */; };
		186513672181BBE800DB6082 /* RentBikeController.swift in Sources */ = {isa = PBXBuildFile; fileRef = 186513662181BBE800DB6082 /* RentBikeController.swift */; };
		186513692181BFD500DB6082 /* RentBikePresenter.swift in Sources */ = {isa = PBXBuildFile; fileRef = 186513682181BFD500DB6082 /* RentBikePresenter.swift */; };
		186A2A09218601DE0053E893 /* ConstantsUtil.swift in Sources */ = {isa = PBXBuildFile; fileRef = 186A2A08218601DE0053E893 /* ConstantsUtil.swift */; };
		1870E4FF217EF20500AA6D7B /* LocationPresenter.swift in Sources */ = {isa = PBXBuildFile; fileRef = 1870E4FE217EF20500AA6D7B /* LocationPresenter.swift */; };
		9A20159EA879FC3625124925 /* Pods_BikeShare.framework in Frameworks */ = {isa = PBXBuildFile; fileRef = C35D30C419B97678E16DADFE /* Pods_BikeShare.framework */; };
		E2DCC2E0D474A20BC64E7339 /* Pods_BikeShareUITests.framework in Frameworks */ = {isa = PBXBuildFile; fileRef = A7155098C514F5EDA0504393 /* Pods_BikeShareUITests.framework */; };
/* End PBXBuildFile section */

/* Begin PBXContainerItemProxy section */
		182E0474217B092A0022D132 /* PBXContainerItemProxy */ = {
			isa = PBXContainerItemProxy;
			containerPortal = 182E0457217B09270022D132 /* Project object */;
			proxyType = 1;
			remoteGlobalIDString = 182E045E217B09270022D132;
			remoteInfo = BikeShare;
		};
		182E047F217B092A0022D132 /* PBXContainerItemProxy */ = {
			isa = PBXContainerItemProxy;
			containerPortal = 182E0457217B09270022D132 /* Project object */;
			proxyType = 1;
			remoteGlobalIDString = 182E045E217B09270022D132;
			remoteInfo = BikeShare;
		};
/* End PBXContainerItemProxy section */

/* Begin PBXFileReference section */
		15CBFA0AB0CE13732D8372DE /* Pods-BikeShareUITests.debug.xcconfig */ = {isa = PBXFileReference; includeInIndex = 1; lastKnownFileType = text.xcconfig; name = "Pods-BikeShareUITests.debug.xcconfig"; path = "Pods/Target Support Files/Pods-BikeShareUITests/Pods-BikeShareUITests.debug.xcconfig"; sourceTree = "<group>"; };
		180B849D217F99380026E6A7 /* CreatNewUserPresenter.swift */ = {isa = PBXFileReference; lastKnownFileType = sourcecode.swift; path = CreatNewUserPresenter.swift; sourceTree = "<group>"; };
		180B84A0217F9E470026E6A7 /* NetworkInterfaceView.swift */ = {isa = PBXFileReference; lastKnownFileType = sourcecode.swift; path = NetworkInterfaceView.swift; sourceTree = "<group>"; };
		180B84A2217F9EF10026E6A7 /* NearByBikeView.swift */ = {isa = PBXFileReference; lastKnownFileType = sourcecode.swift; path = NearByBikeView.swift; sourceTree = "<group>"; };
		182E045F217B09270022D132 /* BikeShare.app */ = {isa = PBXFileReference; explicitFileType = wrapper.application; includeInIndex = 0; path = BikeShare.app; sourceTree = BUILT_PRODUCTS_DIR; };
		182E0462217B09270022D132 /* AppDelegate.swift */ = {isa = PBXFileReference; lastKnownFileType = sourcecode.swift; path = AppDelegate.swift; sourceTree = "<group>"; };
		182E0464217B09270022D132 /* ViewController.swift */ = {isa = PBXFileReference; lastKnownFileType = sourcecode.swift; path = ViewController.swift; sourceTree = "<group>"; };
		182E0467217B09270022D132 /* Base */ = {isa = PBXFileReference; lastKnownFileType = file.storyboard; name = Base; path = Base.lproj/Main.storyboard; sourceTree = "<group>"; };
		182E0469217B09290022D132 /* Assets.xcassets */ = {isa = PBXFileReference; lastKnownFileType = folder.assetcatalog; path = Assets.xcassets; sourceTree = "<group>"; };
		182E046C217B09290022D132 /* Base */ = {isa = PBXFileReference; lastKnownFileType = file.storyboard; name = Base; path = Base.lproj/LaunchScreen.storyboard; sourceTree = "<group>"; };
		182E046E217B09290022D132 /* Info.plist */ = {isa = PBXFileReference; lastKnownFileType = text.plist.xml; path = Info.plist; sourceTree = "<group>"; };
		182E0473217B09290022D132 /* BikeShareTests.xctest */ = {isa = PBXFileReference; explicitFileType = wrapper.cfbundle; includeInIndex = 0; path = BikeShareTests.xctest; sourceTree = BUILT_PRODUCTS_DIR; };
		182E0477217B092A0022D132 /* BikeShareTests.swift */ = {isa = PBXFileReference; lastKnownFileType = sourcecode.swift; path = BikeShareTests.swift; sourceTree = "<group>"; };
		182E0479217B092A0022D132 /* Info.plist */ = {isa = PBXFileReference; lastKnownFileType = text.plist.xml; path = Info.plist; sourceTree = "<group>"; };
		182E047E217B092A0022D132 /* BikeShareUITests.xctest */ = {isa = PBXFileReference; explicitFileType = wrapper.cfbundle; includeInIndex = 0; path = BikeShareUITests.xctest; sourceTree = BUILT_PRODUCTS_DIR; };
		182E0482217B092A0022D132 /* BikeShareUITests.swift */ = {isa = PBXFileReference; lastKnownFileType = sourcecode.swift; path = BikeShareUITests.swift; sourceTree = "<group>"; };
		182E0484217B092A0022D132 /* Info.plist */ = {isa = PBXFileReference; lastKnownFileType = text.plist.xml; path = Info.plist; sourceTree = "<group>"; };
		182E0491217B0BB80022D132 /* NetworkInterface.swift */ = {isa = PBXFileReference; fileEncoding = 4; lastKnownFileType = sourcecode.swift; path = NetworkInterface.swift; sourceTree = "<group>"; };
		182E0492217B0BB80022D132 /* BikeNetworkError.swift */ = {isa = PBXFileReference; fileEncoding = 4; lastKnownFileType = sourcecode.swift; path = BikeNetworkError.swift; sourceTree = "<group>"; };
		182E0493217B0BB80022D132 /* BikeNetworkRequests.swift */ = {isa = PBXFileReference; fileEncoding = 4; lastKnownFileType = sourcecode.swift; path = BikeNetworkRequests.swift; sourceTree = "<group>"; };
		182E049B217C95D20022D132 /* Location.swift */ = {isa = PBXFileReference; fileEncoding = 4; lastKnownFileType = sourcecode.swift; path = Location.swift; sourceTree = "<group>"; };
		182E049C217C95D20022D132 /* RootClass.swift */ = {isa = PBXFileReference; fileEncoding = 4; lastKnownFileType = sourcecode.swift; path = RootClass.swift; sourceTree = "<group>"; };
		182E04A2217C9DE60022D132 /* NearByBikeController.swift */ = {isa = PBXFileReference; fileEncoding = 4; lastKnownFileType = sourcecode.swift; path = NearByBikeController.swift; sourceTree = "<group>"; };
		182E04A4217C9DE60022D132 /* NearByBikePresenter.swift */ = {isa = PBXFileReference; fileEncoding = 4; lastKnownFileType = sourcecode.swift; path = NearByBikePresenter.swift; sourceTree = "<group>"; };
		183A6F68217E260200ADC8F4 /* UserCollectionViewCell.swift */ = {isa = PBXFileReference; lastKnownFileType = sourcecode.swift; path = UserCollectionViewCell.swift; sourceTree = "<group>"; };
		183A6F6B217E475500ADC8F4 /* GlobalUltil.swift */ = {isa = PBXFileReference; lastKnownFileType = sourcecode.swift; path = GlobalUltil.swift; sourceTree = "<group>"; };
		183A6F6F217E55ED00ADC8F4 /* CreateNewUserController.swift */ = {isa = PBXFileReference; lastKnownFileType = sourcecode.swift; path = CreateNewUserController.swift; sourceTree = "<group>"; };
		186444BA21833994008AF8C8 /* ReturnBikeController.swift */ = {isa = PBXFileReference; lastKnownFileType = sourcecode.swift; path = ReturnBikeController.swift; sourceTree = "<group>"; };
		186444BC21834751008AF8C8 /* ReturnBikePresenter.swift */ = {isa = PBXFileReference; lastKnownFileType = sourcecode.swift; path = ReturnBikePresenter.swift; sourceTree = "<group>"; };
		186513662181BBE800DB6082 /* RentBikeController.swift */ = {isa = PBXFileReference; lastKnownFileType = sourcecode.swift; path = RentBikeController.swift; sourceTree = "<group>"; };
		186513682181BFD500DB6082 /* RentBikePresenter.swift */ = {isa = PBXFileReference; lastKnownFileType = sourcecode.swift; path = RentBikePresenter.swift; sourceTree = "<group>"; };
		186A2A08218601DE0053E893 /* ConstantsUtil.swift */ = {isa = PBXFileReference; lastKnownFileType = sourcecode.swift; path = ConstantsUtil.swift; sourceTree = "<group>"; };
		1870E4FE217EF20500AA6D7B /* LocationPresenter.swift */ = {isa = PBXFileReference; lastKnownFileType = sourcecode.swift; path = LocationPresenter.swift; sourceTree = "<group>"; };
		7F27CEE268C3379C9E3F187E /* Pods-BikeShareUITests.release.xcconfig */ = {isa = PBXFileReference; includeInIndex = 1; lastKnownFileType = text.xcconfig; name = "Pods-BikeShareUITests.release.xcconfig"; path = "Pods/Target Support Files/Pods-BikeShareUITests/Pods-BikeShareUITests.release.xcconfig"; sourceTree = "<group>"; };
		9275E98D1BA287DC8719E48A /* Pods-BikeShareTests.release.xcconfig */ = {isa = PBXFileReference; includeInIndex = 1; lastKnownFileType = text.xcconfig; name = "Pods-BikeShareTests.release.xcconfig"; path = "Pods/Target Support Files/Pods-BikeShareTests/Pods-BikeShareTests.release.xcconfig"; sourceTree = "<group>"; };
		A7155098C514F5EDA0504393 /* Pods_BikeShareUITests.framework */ = {isa = PBXFileReference; explicitFileType = wrapper.framework; includeInIndex = 0; path = Pods_BikeShareUITests.framework; sourceTree = BUILT_PRODUCTS_DIR; };
		BB41D952372239E251B8CA07 /* Pods-BikeShareTests.debug.xcconfig */ = {isa = PBXFileReference; includeInIndex = 1; lastKnownFileType = text.xcconfig; name = "Pods-BikeShareTests.debug.xcconfig"; path = "Pods/Target Support Files/Pods-BikeShareTests/Pods-BikeShareTests.debug.xcconfig"; sourceTree = "<group>"; };
		C35D30C419B97678E16DADFE /* Pods_BikeShare.framework */ = {isa = PBXFileReference; explicitFileType = wrapper.framework; includeInIndex = 0; path = Pods_BikeShare.framework; sourceTree = BUILT_PRODUCTS_DIR; };
		E0580B058E35DD985066972E /* Pods-BikeShare.debug.xcconfig */ = {isa = PBXFileReference; includeInIndex = 1; lastKnownFileType = text.xcconfig; name = "Pods-BikeShare.debug.xcconfig"; path = "Pods/Target Support Files/Pods-BikeShare/Pods-BikeShare.debug.xcconfig"; sourceTree = "<group>"; };
		F1EAE49AB75839E4800814E6 /* Pods_BikeShareTests.framework */ = {isa = PBXFileReference; explicitFileType = wrapper.framework; includeInIndex = 0; path = Pods_BikeShareTests.framework; sourceTree = BUILT_PRODUCTS_DIR; };
		FDF1A4D7765B187930290D2A /* Pods-BikeShare.release.xcconfig */ = {isa = PBXFileReference; includeInIndex = 1; lastKnownFileType = text.xcconfig; name = "Pods-BikeShare.release.xcconfig"; path = "Pods/Target Support Files/Pods-BikeShare/Pods-BikeShare.release.xcconfig"; sourceTree = "<group>"; };
/* End PBXFileReference section */

/* Begin PBXFrameworksBuildPhase section */
		182E045C217B09270022D132 /* Frameworks */ = {
			isa = PBXFrameworksBuildPhase;
			buildActionMask = 2147483647;
			files = (
				9A20159EA879FC3625124925 /* Pods_BikeShare.framework in Frameworks */,
			);
			runOnlyForDeploymentPostprocessing = 0;
		};
		182E0470217B09290022D132 /* Frameworks */ = {
			isa = PBXFrameworksBuildPhase;
			buildActionMask = 2147483647;
			files = (
				0500C01BCD5F7E2512921C29 /* Pods_BikeShareTests.framework in Frameworks */,
			);
			runOnlyForDeploymentPostprocessing = 0;
		};
		182E047B217B092A0022D132 /* Frameworks */ = {
			isa = PBXFrameworksBuildPhase;
			buildActionMask = 2147483647;
			files = (
				E2DCC2E0D474A20BC64E7339 /* Pods_BikeShareUITests.framework in Frameworks */,
			);
			runOnlyForDeploymentPostprocessing = 0;
		};
/* End PBXFrameworksBuildPhase section */

/* Begin PBXGroup section */
		115F8E315EB70905AD7873CD /* Frameworks */ = {
			isa = PBXGroup;
			children = (
				C35D30C419B97678E16DADFE /* Pods_BikeShare.framework */,
				F1EAE49AB75839E4800814E6 /* Pods_BikeShareTests.framework */,
				A7155098C514F5EDA0504393 /* Pods_BikeShareUITests.framework */,
			);
			name = Frameworks;
			sourceTree = "<group>";
		};
		180B849F217F9B600026E6A7 /* View */ = {
			isa = PBXGroup;
			children = (
				180B84A0217F9E470026E6A7 /* NetworkInterfaceView.swift */,
				180B84A2217F9EF10026E6A7 /* NearByBikeView.swift */,
			);
			path = View;
			sourceTree = "<group>";
		};
		182E0456217B09270022D132 = {
			isa = PBXGroup;
			children = (
				182E0461217B09270022D132 /* BikeShare */,
				182E0476217B092A0022D132 /* BikeShareTests */,
				182E0481217B092A0022D132 /* BikeShareUITests */,
				182E0460217B09270022D132 /* Products */,
				AE0947DC59E5DBBB13992AA1 /* Pods */,
				115F8E315EB70905AD7873CD /* Frameworks */,
			);
			sourceTree = "<group>";
		};
		182E0460217B09270022D132 /* Products */ = {
			isa = PBXGroup;
			children = (
				182E045F217B09270022D132 /* BikeShare.app */,
				182E0473217B09290022D132 /* BikeShareTests.xctest */,
				182E047E217B092A0022D132 /* BikeShareUITests.xctest */,
			);
			name = Products;
			sourceTree = "<group>";
		};
		182E0461217B09270022D132 /* BikeShare */ = {
			isa = PBXGroup;
			children = (
				180B849F217F9B600026E6A7 /* View */,
				182E04A3217C9DE60022D132 /* Presenter */,
				182E04A1217C9DE60022D132 /* ViewModel */,
				182E0499217C95D10022D132 /* Model */,
				183A6F67217E259D00ADC8F4 /* CustomCell */,
				182E0490217B0BB80022D132 /* NetworkHelper */,
				183A6F6A217E472B00ADC8F4 /* GlobalHelp */,
				182E0462217B09270022D132 /* AppDelegate.swift */,
				182E0464217B09270022D132 /* ViewController.swift */,
				182E0466217B09270022D132 /* Main.storyboard */,
				182E0469217B09290022D132 /* Assets.xcassets */,
				182E046B217B09290022D132 /* LaunchScreen.storyboard */,
				182E046E217B09290022D132 /* Info.plist */,
			);
			path = BikeShare;
			sourceTree = "<group>";
		};
		182E0476217B092A0022D132 /* BikeShareTests */ = {
			isa = PBXGroup;
			children = (
				182E0477217B092A0022D132 /* BikeShareTests.swift */,
				182E0479217B092A0022D132 /* Info.plist */,
			);
			path = BikeShareTests;
			sourceTree = "<group>";
		};
		182E0481217B092A0022D132 /* BikeShareUITests */ = {
			isa = PBXGroup;
			children = (
				182E0482217B092A0022D132 /* BikeShareUITests.swift */,
				182E0484217B092A0022D132 /* Info.plist */,
			);
			path = BikeShareUITests;
			sourceTree = "<group>";
		};
		182E0490217B0BB80022D132 /* NetworkHelper */ = {
			isa = PBXGroup;
			children = (
				182E0491217B0BB80022D132 /* NetworkInterface.swift */,
				182E0492217B0BB80022D132 /* BikeNetworkError.swift */,
				182E0493217B0BB80022D132 /* BikeNetworkRequests.swift */,
			);
			path = NetworkHelper;
			sourceTree = "<group>";
		};
		182E0499217C95D10022D132 /* Model */ = {
			isa = PBXGroup;
			children = (
				182E049A217C95D20022D132 /* Decoble */,
			);
			path = Model;
			sourceTree = "<group>";
		};
		182E049A217C95D20022D132 /* Decoble */ = {
			isa = PBXGroup;
			children = (
				182E049B217C95D20022D132 /* Location.swift */,
				182E049C217C95D20022D132 /* RootClass.swift */,
			);
			path = Decoble;
			sourceTree = "<group>";
		};
		182E04A1217C9DE60022D132 /* ViewModel */ = {
			isa = PBXGroup;
			children = (
				182E04A2217C9DE60022D132 /* NearByBikeController.swift */,
				183A6F6F217E55ED00ADC8F4 /* CreateNewUserController.swift */,
				186513662181BBE800DB6082 /* RentBikeController.swift */,
				186444BA21833994008AF8C8 /* ReturnBikeController.swift */,
			);
			path = ViewModel;
			sourceTree = "<group>";
		};
		182E04A3217C9DE60022D132 /* Presenter */ = {
			isa = PBXGroup;
			children = (
				182E04A4217C9DE60022D132 /* NearByBikePresenter.swift */,
				1870E4FE217EF20500AA6D7B /* LocationPresenter.swift */,
				180B849D217F99380026E6A7 /* CreatNewUserPresenter.swift */,
				186513682181BFD500DB6082 /* RentBikePresenter.swift */,
				186444BC21834751008AF8C8 /* ReturnBikePresenter.swift */,
			);
			path = Presenter;
			sourceTree = "<group>";
		};
		183A6F67217E259D00ADC8F4 /* CustomCell */ = {
			isa = PBXGroup;
			children = (
				183A6F68217E260200ADC8F4 /* UserCollectionViewCell.swift */,
			);
			path = CustomCell;
			sourceTree = "<group>";
		};
		183A6F6A217E472B00ADC8F4 /* GlobalHelp */ = {
			isa = PBXGroup;
			children = (
				183A6F6B217E475500ADC8F4 /* GlobalUltil.swift */,
				186A2A08218601DE0053E893 /* ConstantsUtil.swift */,
			);
			path = GlobalHelp;
			sourceTree = "<group>";
		};
		AE0947DC59E5DBBB13992AA1 /* Pods */ = {
			isa = PBXGroup;
			children = (
				E0580B058E35DD985066972E /* Pods-BikeShare.debug.xcconfig */,
				FDF1A4D7765B187930290D2A /* Pods-BikeShare.release.xcconfig */,
				BB41D952372239E251B8CA07 /* Pods-BikeShareTests.debug.xcconfig */,
				9275E98D1BA287DC8719E48A /* Pods-BikeShareTests.release.xcconfig */,
				15CBFA0AB0CE13732D8372DE /* Pods-BikeShareUITests.debug.xcconfig */,
				7F27CEE268C3379C9E3F187E /* Pods-BikeShareUITests.release.xcconfig */,
			);
			name = Pods;
			sourceTree = "<group>";
		};
/* End PBXGroup section */

/* Begin PBXNativeTarget section */
		182E045E217B09270022D132 /* BikeShare */ = {
			isa = PBXNativeTarget;
			buildConfigurationList = 182E0487217B092A0022D132 /* Build configuration list for PBXNativeTarget "BikeShare" */;
			buildPhases = (
				91C4F9D65A601DC08EC08A2D /* [CP] Check Pods Manifest.lock */,
				182E045B217B09270022D132 /* Sources */,
				182E045C217B09270022D132 /* Frameworks */,
				182E045D217B09270022D132 /* Resources */,
				508DC0F514CA970AF0BD26AF /* [CP] Embed Pods Frameworks */,
				0E724FE6853972C436012421 /* [CP] Copy Pods Resources */,
			);
			buildRules = (
			);
			dependencies = (
			);
			name = BikeShare;
			productName = BikeShare;
			productReference = 182E045F217B09270022D132 /* BikeShare.app */;
			productType = "com.apple.product-type.application";
		};
		182E0472217B09290022D132 /* BikeShareTests */ = {
			isa = PBXNativeTarget;
			buildConfigurationList = 182E048A217B092A0022D132 /* Build configuration list for PBXNativeTarget "BikeShareTests" */;
			buildPhases = (
				68595695A7EED5AAC4C198B3 /* [CP] Check Pods Manifest.lock */,
				182E046F217B09290022D132 /* Sources */,
				182E0470217B09290022D132 /* Frameworks */,
				182E0471217B09290022D132 /* Resources */,
			);
			buildRules = (
			);
			dependencies = (
				182E0475217B092A0022D132 /* PBXTargetDependency */,
			);
			name = BikeShareTests;
			productName = BikeShareTests;
			productReference = 182E0473217B09290022D132 /* BikeShareTests.xctest */;
			productType = "com.apple.product-type.bundle.unit-test";
		};
		182E047D217B092A0022D132 /* BikeShareUITests */ = {
			isa = PBXNativeTarget;
			buildConfigurationList = 182E048D217B092A0022D132 /* Build configuration list for PBXNativeTarget "BikeShareUITests" */;
			buildPhases = (
				28CB6DD70140FE2D13B704A1 /* [CP] Check Pods Manifest.lock */,
				182E047A217B092A0022D132 /* Sources */,
				182E047B217B092A0022D132 /* Frameworks */,
				182E047C217B092A0022D132 /* Resources */,
			);
			buildRules = (
			);
			dependencies = (
				182E0480217B092A0022D132 /* PBXTargetDependency */,
			);
			name = BikeShareUITests;
			productName = BikeShareUITests;
			productReference = 182E047E217B092A0022D132 /* BikeShareUITests.xctest */;
			productType = "com.apple.product-type.bundle.ui-testing";
		};
/* End PBXNativeTarget section */

/* Begin PBXProject section */
		182E0457217B09270022D132 /* Project object */ = {
			isa = PBXProject;
			attributes = {
				LastSwiftUpdateCheck = 0930;
				LastUpgradeCheck = 0930;
				ORGANIZATIONNAME = Joyal;
				TargetAttributes = {
					182E045E217B09270022D132 = {
						CreatedOnToolsVersion = 9.3;
					};
					182E0472217B09290022D132 = {
						CreatedOnToolsVersion = 9.3;
						TestTargetID = 182E045E217B09270022D132;
					};
					182E047D217B092A0022D132 = {
						CreatedOnToolsVersion = 9.3;
						TestTargetID = 182E045E217B09270022D132;
					};
				};
			};
			buildConfigurationList = 182E045A217B09270022D132 /* Build configuration list for PBXProject "BikeShare" */;
			compatibilityVersion = "Xcode 9.3";
			developmentRegion = en;
			hasScannedForEncodings = 0;
			knownRegions = (
				en,
				Base,
			);
			mainGroup = 182E0456217B09270022D132;
			productRefGroup = 182E0460217B09270022D132 /* Products */;
			projectDirPath = "";
			projectRoot = "";
			targets = (
				182E045E217B09270022D132 /* BikeShare */,
				182E0472217B09290022D132 /* BikeShareTests */,
				182E047D217B092A0022D132 /* BikeShareUITests */,
			);
		};
/* End PBXProject section */

/* Begin PBXResourcesBuildPhase section */
		182E045D217B09270022D132 /* Resources */ = {
			isa = PBXResourcesBuildPhase;
			buildActionMask = 2147483647;
			files = (
				182E046D217B09290022D132 /* LaunchScreen.storyboard in Resources */,
				182E046A217B09290022D132 /* Assets.xcassets in Resources */,
				182E0468217B09270022D132 /* Main.storyboard in Resources */,
			);
			runOnlyForDeploymentPostprocessing = 0;
		};
		182E0471217B09290022D132 /* Resources */ = {
			isa = PBXResourcesBuildPhase;
			buildActionMask = 2147483647;
			files = (
			);
			runOnlyForDeploymentPostprocessing = 0;
		};
		182E047C217B092A0022D132 /* Resources */ = {
			isa = PBXResourcesBuildPhase;
			buildActionMask = 2147483647;
			files = (
			);
			runOnlyForDeploymentPostprocessing = 0;
		};
/* End PBXResourcesBuildPhase section */

/* Begin PBXShellScriptBuildPhase section */
		0E724FE6853972C436012421 /* [CP] Copy Pods Resources */ = {
			isa = PBXShellScriptBuildPhase;
			buildActionMask = 2147483647;
			files = (
			);
			inputPaths = (
				"${SRCROOT}/Pods/Target Support Files/Pods-BikeShare/Pods-BikeShare-resources.sh",
				"${PODS_ROOT}/GoogleMaps/Maps/Frameworks/GoogleMaps.framework/Resources/GoogleMaps.bundle",
			);
			name = "[CP] Copy Pods Resources";
			outputPaths = (
				"${TARGET_BUILD_DIR}/${UNLOCALIZED_RESOURCES_FOLDER_PATH}/GoogleMaps.bundle",
			);
			runOnlyForDeploymentPostprocessing = 0;
			shellPath = /bin/sh;
			shellScript = "\"${SRCROOT}/Pods/Target Support Files/Pods-BikeShare/Pods-BikeShare-resources.sh\"\n";
			showEnvVarsInLog = 0;
		};
		28CB6DD70140FE2D13B704A1 /* [CP] Check Pods Manifest.lock */ = {
			isa = PBXShellScriptBuildPhase;
			buildActionMask = 2147483647;
			files = (
			);
			inputPaths = (
				"${PODS_PODFILE_DIR_PATH}/Podfile.lock",
				"${PODS_ROOT}/Manifest.lock",
			);
			name = "[CP] Check Pods Manifest.lock";
			outputPaths = (
				"$(DERIVED_FILE_DIR)/Pods-BikeShareUITests-checkManifestLockResult.txt",
			);
			runOnlyForDeploymentPostprocessing = 0;
			shellPath = /bin/sh;
			shellScript = "diff \"${PODS_PODFILE_DIR_PATH}/Podfile.lock\" \"${PODS_ROOT}/Manifest.lock\" > /dev/null\nif [ $? != 0 ] ; then\n    # print error to STDERR\n    echo \"error: The sandbox is not in sync with the Podfile.lock. Run 'pod install' or update your CocoaPods installation.\" >&2\n    exit 1\nfi\n# This output is used by Xcode 'outputs' to avoid re-running this script phase.\necho \"SUCCESS\" > \"${SCRIPT_OUTPUT_FILE_0}\"\n";
			showEnvVarsInLog = 0;
		};
		508DC0F514CA970AF0BD26AF /* [CP] Embed Pods Frameworks */ = {
			isa = PBXShellScriptBuildPhase;
			buildActionMask = 2147483647;
			files = (
			);
			inputPaths = (
				"${SRCROOT}/Pods/Target Support Files/Pods-BikeShare/Pods-BikeShare-frameworks.sh",
				"${BUILT_PRODUCTS_DIR}/ColorSlider/ColorSlider.framework",
			);
			name = "[CP] Embed Pods Frameworks";
			outputPaths = (
				"${TARGET_BUILD_DIR}/${FRAMEWORKS_FOLDER_PATH}/ColorSlider.framework",
			);
			runOnlyForDeploymentPostprocessing = 0;
			shellPath = /bin/sh;
			shellScript = "\"${SRCROOT}/Pods/Target Support Files/Pods-BikeShare/Pods-BikeShare-frameworks.sh\"\n";
			showEnvVarsInLog = 0;
		};
		68595695A7EED5AAC4C198B3 /* [CP] Check Pods Manifest.lock */ = {
			isa = PBXShellScriptBuildPhase;
			buildActionMask = 2147483647;
			files = (
			);
			inputPaths = (
				"${PODS_PODFILE_DIR_PATH}/Podfile.lock",
				"${PODS_ROOT}/Manifest.lock",
			);
			name = "[CP] Check Pods Manifest.lock";
			outputPaths = (
				"$(DERIVED_FILE_DIR)/Pods-BikeShareTests-checkManifestLockResult.txt",
			);
			runOnlyForDeploymentPostprocessing = 0;
			shellPath = /bin/sh;
			shellScript = "diff \"${PODS_PODFILE_DIR_PATH}/Podfile.lock\" \"${PODS_ROOT}/Manifest.lock\" > /dev/null\nif [ $? != 0 ] ; then\n    # print error to STDERR\n    echo \"error: The sandbox is not in sync with the Podfile.lock. Run 'pod install' or update your CocoaPods installation.\" >&2\n    exit 1\nfi\n# This output is used by Xcode 'outputs' to avoid re-running this script phase.\necho \"SUCCESS\" > \"${SCRIPT_OUTPUT_FILE_0}\"\n";
			showEnvVarsInLog = 0;
		};
		91C4F9D65A601DC08EC08A2D /* [CP] Check Pods Manifest.lock */ = {
			isa = PBXShellScriptBuildPhase;
			buildActionMask = 2147483647;
			files = (
			);
			inputPaths = (
				"${PODS_PODFILE_DIR_PATH}/Podfile.lock",
				"${PODS_ROOT}/Manifest.lock",
			);
			name = "[CP] Check Pods Manifest.lock";
			outputPaths = (
				"$(DERIVED_FILE_DIR)/Pods-BikeShare-checkManifestLockResult.txt",
			);
			runOnlyForDeploymentPostprocessing = 0;
			shellPath = /bin/sh;
			shellScript = "diff \"${PODS_PODFILE_DIR_PATH}/Podfile.lock\" \"${PODS_ROOT}/Manifest.lock\" > /dev/null\nif [ $? != 0 ] ; then\n    # print error to STDERR\n    echo \"error: The sandbox is not in sync with the Podfile.lock. Run 'pod install' or update your CocoaPods installation.\" >&2\n    exit 1\nfi\n# This output is used by Xcode 'outputs' to avoid re-running this script phase.\necho \"SUCCESS\" > \"${SCRIPT_OUTPUT_FILE_0}\"\n";
			showEnvVarsInLog = 0;
		};
/* End PBXShellScriptBuildPhase section */

/* Begin PBXSourcesBuildPhase section */
		182E045B217B09270022D132 /* Sources */ = {
			isa = PBXSourcesBuildPhase;
			buildActionMask = 2147483647;
			files = (
				186513692181BFD500DB6082 /* RentBikePresenter.swift in Sources */,
				182E0496217B0BB80022D132 /* BikeNetworkRequests.swift in Sources */,
				182E04A6217C9DE60022D132 /* NearByBikePresenter.swift in Sources */,
				186444BD21834751008AF8C8 /* ReturnBikePresenter.swift in Sources */,
				182E0465217B09270022D132 /* ViewController.swift in Sources */,
				186513672181BBE800DB6082 /* RentBikeController.swift in Sources */,
				180B84A3217F9EF10026E6A7 /* NearByBikeView.swift in Sources */,
				182E0494217B0BB80022D132 /* NetworkInterface.swift in Sources */,
				182E0463217B09270022D132 /* AppDelegate.swift in Sources */,
				186A2A09218601DE0053E893 /* ConstantsUtil.swift in Sources */,
				182E049E217C95D20022D132 /* RootClass.swift in Sources */,
				182E04A5217C9DE60022D132 /* NearByBikeController.swift in Sources */,
				180B849E217F99380026E6A7 /* CreatNewUserPresenter.swift in Sources */,
				186444BB21833994008AF8C8 /* ReturnBikeController.swift in Sources */,
				182E0495217B0BB80022D132 /* BikeNetworkError.swift in Sources */,
				183A6F69217E260200ADC8F4 /* UserCollectionViewCell.swift in Sources */,
				180B84A1217F9E470026E6A7 /* NetworkInterfaceView.swift in Sources */,
				182E049D217C95D20022D132 /* Location.swift in Sources */,
				1870E4FF217EF20500AA6D7B /* LocationPresenter.swift in Sources */,
				183A6F70217E55ED00ADC8F4 /* CreateNewUserController.swift in Sources */,
				183A6F6C217E475500ADC8F4 /* GlobalUltil.swift in Sources */,
			);
			runOnlyForDeploymentPostprocessing = 0;
		};
		182E046F217B09290022D132 /* Sources */ = {
			isa = PBXSourcesBuildPhase;
			buildActionMask = 2147483647;
			files = (
				182E0478217B092A0022D132 /* BikeShareTests.swift in Sources */,
			);
			runOnlyForDeploymentPostprocessing = 0;
		};
		182E047A217B092A0022D132 /* Sources */ = {
			isa = PBXSourcesBuildPhase;
			buildActionMask = 2147483647;
			files = (
				182E0483217B092A0022D132 /* BikeShareUITests.swift in Sources */,
			);
			runOnlyForDeploymentPostprocessing = 0;
		};
/* End PBXSourcesBuildPhase section */

/* Begin PBXTargetDependency section */
		182E0475217B092A0022D132 /* PBXTargetDependency */ = {
			isa = PBXTargetDependency;
			target = 182E045E217B09270022D132 /* BikeShare */;
			targetProxy = 182E0474217B092A0022D132 /* PBXContainerItemProxy */;
		};
		182E0480217B092A0022D132 /* PBXTargetDependency */ = {
			isa = PBXTargetDependency;
			target = 182E045E217B09270022D132 /* BikeShare */;
			targetProxy = 182E047F217B092A0022D132 /* PBXContainerItemProxy */;
		};
/* End PBXTargetDependency section */

/* Begin PBXVariantGroup section */
		182E0466217B09270022D132 /* Main.storyboard */ = {
			isa = PBXVariantGroup;
			children = (
				182E0467217B09270022D132 /* Base */,
			);
			name = Main.storyboard;
			sourceTree = "<group>";
		};
		182E046B217B09290022D132 /* LaunchScreen.storyboard */ = {
			isa = PBXVariantGroup;
			children = (
				182E046C217B09290022D132 /* Base */,
			);
			name = LaunchScreen.storyboard;
			sourceTree = "<group>";
		};
/* End PBXVariantGroup section */

/* Begin XCBuildConfiguration section */
		182E0485217B092A0022D132 /* Debug */ = {
			isa = XCBuildConfiguration;
			buildSettings = {
				ALWAYS_SEARCH_USER_PATHS = NO;
				CLANG_ANALYZER_NONNULL = YES;
				CLANG_ANALYZER_NUMBER_OBJECT_CONVERSION = YES_AGGRESSIVE;
				CLANG_CXX_LANGUAGE_STANDARD = "gnu++14";
				CLANG_CXX_LIBRARY = "libc++";
				CLANG_ENABLE_MODULES = YES;
				CLANG_ENABLE_OBJC_ARC = YES;
				CLANG_ENABLE_OBJC_WEAK = YES;
				CLANG_WARN_BLOCK_CAPTURE_AUTORELEASING = YES;
				CLANG_WARN_BOOL_CONVERSION = YES;
				CLANG_WARN_COMMA = YES;
				CLANG_WARN_CONSTANT_CONVERSION = YES;
				CLANG_WARN_DEPRECATED_OBJC_IMPLEMENTATIONS = YES;
				CLANG_WARN_DIRECT_OBJC_ISA_USAGE = YES_ERROR;
				CLANG_WARN_DOCUMENTATION_COMMENTS = YES;
				CLANG_WARN_EMPTY_BODY = YES;
				CLANG_WARN_ENUM_CONVERSION = YES;
				CLANG_WARN_INFINITE_RECURSION = YES;
				CLANG_WARN_INT_CONVERSION = YES;
				CLANG_WARN_NON_LITERAL_NULL_CONVERSION = YES;
				CLANG_WARN_OBJC_IMPLICIT_RETAIN_SELF = YES;
				CLANG_WARN_OBJC_LITERAL_CONVERSION = YES;
				CLANG_WARN_OBJC_ROOT_CLASS = YES_ERROR;
				CLANG_WARN_RANGE_LOOP_ANALYSIS = YES;
				CLANG_WARN_STRICT_PROTOTYPES = YES;
				CLANG_WARN_SUSPICIOUS_MOVE = YES;
				CLANG_WARN_UNGUARDED_AVAILABILITY = YES_AGGRESSIVE;
				CLANG_WARN_UNREACHABLE_CODE = YES;
				CLANG_WARN__DUPLICATE_METHOD_MATCH = YES;
				CODE_SIGN_IDENTITY = "iPhone Developer";
				COPY_PHASE_STRIP = NO;
				DEBUG_INFORMATION_FORMAT = dwarf;
				ENABLE_STRICT_OBJC_MSGSEND = YES;
				ENABLE_TESTABILITY = YES;
				GCC_C_LANGUAGE_STANDARD = gnu11;
				GCC_DYNAMIC_NO_PIC = NO;
				GCC_NO_COMMON_BLOCKS = YES;
				GCC_OPTIMIZATION_LEVEL = 0;
				GCC_PREPROCESSOR_DEFINITIONS = (
					"DEBUG=1",
					"$(inherited)",
				);
				GCC_WARN_64_TO_32_BIT_CONVERSION = YES;
				GCC_WARN_ABOUT_RETURN_TYPE = YES_ERROR;
				GCC_WARN_UNDECLARED_SELECTOR = YES;
				GCC_WARN_UNINITIALIZED_AUTOS = YES_AGGRESSIVE;
				GCC_WARN_UNUSED_FUNCTION = YES;
				GCC_WARN_UNUSED_VARIABLE = YES;
				IPHONEOS_DEPLOYMENT_TARGET = 11.3;
				MTL_ENABLE_DEBUG_INFO = YES;
				ONLY_ACTIVE_ARCH = YES;
				SDKROOT = iphoneos;
				SWIFT_ACTIVE_COMPILATION_CONDITIONS = DEBUG;
				SWIFT_OPTIMIZATION_LEVEL = "-Onone";
			};
			name = Debug;
		};
		182E0486217B092A0022D132 /* Release */ = {
			isa = XCBuildConfiguration;
			buildSettings = {
				ALWAYS_SEARCH_USER_PATHS = NO;
				CLANG_ANALYZER_NONNULL = YES;
				CLANG_ANALYZER_NUMBER_OBJECT_CONVERSION = YES_AGGRESSIVE;
				CLANG_CXX_LANGUAGE_STANDARD = "gnu++14";
				CLANG_CXX_LIBRARY = "libc++";
				CLANG_ENABLE_MODULES = YES;
				CLANG_ENABLE_OBJC_ARC = YES;
				CLANG_ENABLE_OBJC_WEAK = YES;
				CLANG_WARN_BLOCK_CAPTURE_AUTORELEASING = YES;
				CLANG_WARN_BOOL_CONVERSION = YES;
				CLANG_WARN_COMMA = YES;
				CLANG_WARN_CONSTANT_CONVERSION = YES;
				CLANG_WARN_DEPRECATED_OBJC_IMPLEMENTATIONS = YES;
				CLANG_WARN_DIRECT_OBJC_ISA_USAGE = YES_ERROR;
				CLANG_WARN_DOCUMENTATION_COMMENTS = YES;
				CLANG_WARN_EMPTY_BODY = YES;
				CLANG_WARN_ENUM_CONVERSION = YES;
				CLANG_WARN_INFINITE_RECURSION = YES;
				CLANG_WARN_INT_CONVERSION = YES;
				CLANG_WARN_NON_LITERAL_NULL_CONVERSION = YES;
				CLANG_WARN_OBJC_IMPLICIT_RETAIN_SELF = YES;
				CLANG_WARN_OBJC_LITERAL_CONVERSION = YES;
				CLANG_WARN_OBJC_ROOT_CLASS = YES_ERROR;
				CLANG_WARN_RANGE_LOOP_ANALYSIS = YES;
				CLANG_WARN_STRICT_PROTOTYPES = YES;
				CLANG_WARN_SUSPICIOUS_MOVE = YES;
				CLANG_WARN_UNGUARDED_AVAILABILITY = YES_AGGRESSIVE;
				CLANG_WARN_UNREACHABLE_CODE = YES;
				CLANG_WARN__DUPLICATE_METHOD_MATCH = YES;
				CODE_SIGN_IDENTITY = "iPhone Developer";
				COPY_PHASE_STRIP = NO;
				DEBUG_INFORMATION_FORMAT = "dwarf-with-dsym";
				ENABLE_NS_ASSERTIONS = NO;
				ENABLE_STRICT_OBJC_MSGSEND = YES;
				GCC_C_LANGUAGE_STANDARD = gnu11;
				GCC_NO_COMMON_BLOCKS = YES;
				GCC_WARN_64_TO_32_BIT_CONVERSION = YES;
				GCC_WARN_ABOUT_RETURN_TYPE = YES_ERROR;
				GCC_WARN_UNDECLARED_SELECTOR = YES;
				GCC_WARN_UNINITIALIZED_AUTOS = YES_AGGRESSIVE;
				GCC_WARN_UNUSED_FUNCTION = YES;
				GCC_WARN_UNUSED_VARIABLE = YES;
				IPHONEOS_DEPLOYMENT_TARGET = 11.3;
				MTL_ENABLE_DEBUG_INFO = NO;
				SDKROOT = iphoneos;
				SWIFT_COMPILATION_MODE = wholemodule;
				SWIFT_OPTIMIZATION_LEVEL = "-O";
				VALIDATE_PRODUCT = YES;
			};
			name = Release;
		};
		182E0488217B092A0022D132 /* Debug */ = {
			isa = XCBuildConfiguration;
			baseConfigurationReference = E0580B058E35DD985066972E /* Pods-BikeShare.debug.xcconfig */;
			buildSettings = {
				ASSETCATALOG_COMPILER_APPICON_NAME = AppIcon;
				CODE_SIGN_STYLE = Automatic;
				DEVELOPMENT_TEAM = 7E4566DB8X;
				INFOPLIST_FILE = BikeShare/Info.plist;
				IPHONEOS_DEPLOYMENT_TARGET = 9.1;
				LD_RUNPATH_SEARCH_PATHS = (
					"$(inherited)",
					"@executable_path/Frameworks",
				);
				PRODUCT_BUNDLE_IDENTIFIER = com.Joyal.BikeShare;
				PRODUCT_NAME = "$(TARGET_NAME)";
				SWIFT_VERSION = 4.0;
				TARGETED_DEVICE_FAMILY = "1,2";
			};
			name = Debug;
		};
		182E0489217B092A0022D132 /* Release */ = {
			isa = XCBuildConfiguration;
			baseConfigurationReference = FDF1A4D7765B187930290D2A /* Pods-BikeShare.release.xcconfig */;
			buildSettings = {
				ASSETCATALOG_COMPILER_APPICON_NAME = AppIcon;
				CODE_SIGN_STYLE = Automatic;
				DEVELOPMENT_TEAM = 7E4566DB8X;
				INFOPLIST_FILE = BikeShare/Info.plist;
				IPHONEOS_DEPLOYMENT_TARGET = 9.1;
				LD_RUNPATH_SEARCH_PATHS = (
					"$(inherited)",
					"@executable_path/Frameworks",
				);
				PRODUCT_BUNDLE_IDENTIFIER = com.Joyal.BikeShare;
				PRODUCT_NAME = "$(TARGET_NAME)";
				SWIFT_VERSION = 4.0;
				TARGETED_DEVICE_FAMILY = "1,2";
			};
			name = Release;
		};
		182E048B217B092A0022D132 /* Debug */ = {
			isa = XCBuildConfiguration;
			baseConfigurationReference = BB41D952372239E251B8CA07 /* Pods-BikeShareTests.debug.xcconfig */;
			buildSettings = {
				ALWAYS_EMBED_SWIFT_STANDARD_LIBRARIES = YES;
				BUNDLE_LOADER = "$(TEST_HOST)";
				CODE_SIGN_STYLE = Automatic;
				INFOPLIST_FILE = BikeShareTests/Info.plist;
				LD_RUNPATH_SEARCH_PATHS = (
					"$(inherited)",
					"@executable_path/Frameworks",
					"@loader_path/Frameworks",
				);
				PRODUCT_BUNDLE_IDENTIFIER = com.Joyal.BikeShareTests;
				PRODUCT_NAME = "$(TARGET_NAME)";
				SWIFT_VERSION = 4.0;
				TARGETED_DEVICE_FAMILY = "1,2";
				TEST_HOST = "$(BUILT_PRODUCTS_DIR)/BikeShare.app/BikeShare";
			};
			name = Debug;
		};
		182E048C217B092A0022D132 /* Release */ = {
			isa = XCBuildConfiguration;
			baseConfigurationReference = 9275E98D1BA287DC8719E48A /* Pods-BikeShareTests.release.xcconfig */;
			buildSettings = {
				ALWAYS_EMBED_SWIFT_STANDARD_LIBRARIES = YES;
				BUNDLE_LOADER = "$(TEST_HOST)";
				CODE_SIGN_STYLE = Automatic;
				INFOPLIST_FILE = BikeShareTests/Info.plist;
				LD_RUNPATH_SEARCH_PATHS = (
					"$(inherited)",
					"@executable_path/Frameworks",
					"@loader_path/Frameworks",
				);
				PRODUCT_BUNDLE_IDENTIFIER = com.Joyal.BikeShareTests;
				PRODUCT_NAME = "$(TARGET_NAME)";
				SWIFT_VERSION = 4.0;
				TARGETED_DEVICE_FAMILY = "1,2";
				TEST_HOST = "$(BUILT_PRODUCTS_DIR)/BikeShare.app/BikeShare";
			};
			name = Release;
		};
		182E048E217B092A0022D132 /* Debug */ = {
			isa = XCBuildConfiguration;
			baseConfigurationReference = 15CBFA0AB0CE13732D8372DE /* Pods-BikeShareUITests.debug.xcconfig */;
			buildSettings = {
				ALWAYS_EMBED_SWIFT_STANDARD_LIBRARIES = YES;
				CODE_SIGN_STYLE = Automatic;
				INFOPLIST_FILE = BikeShareUITests/Info.plist;
				LD_RUNPATH_SEARCH_PATHS = (
					"$(inherited)",
					"@executable_path/Frameworks",
					"@loader_path/Frameworks",
				);
				PRODUCT_BUNDLE_IDENTIFIER = com.Joyal.BikeShareUITests;
				PRODUCT_NAME = "$(TARGET_NAME)";
				SWIFT_VERSION = 4.0;
				TARGETED_DEVICE_FAMILY = "1,2";
				TEST_TARGET_NAME = BikeShare;
			};
			name = Debug;
		};
		182E048F217B092A0022D132 /* Release */ = {
			isa = XCBuildConfiguration;
			baseConfigurationReference = 7F27CEE268C3379C9E3F187E /* Pods-BikeShareUITests.release.xcconfig */;
			buildSettings = {
				ALWAYS_EMBED_SWIFT_STANDARD_LIBRARIES = YES;
				CODE_SIGN_STYLE = Automatic;
				INFOPLIST_FILE = BikeShareUITests/Info.plist;
				LD_RUNPATH_SEARCH_PATHS = (
					"$(inherited)",
					"@executable_path/Frameworks",
					"@loader_path/Frameworks",
				);
				PRODUCT_BUNDLE_IDENTIFIER = com.Joyal.BikeShareUITests;
				PRODUCT_NAME = "$(TARGET_NAME)";
				SWIFT_VERSION = 4.0;
				TARGETED_DEVICE_FAMILY = "1,2";
				TEST_TARGET_NAME = BikeShare;
			};
			name = Release;
		};
/* End XCBuildConfiguration section */

/* Begin XCConfigurationList section */
		182E045A217B09270022D132 /* Build configuration list for PBXProject "BikeShare" */ = {
			isa = XCConfigurationList;
			buildConfigurations = (
				182E0485217B092A0022D132 /* Debug */,
				182E0486217B092A0022D132 /* Release */,
			);
			defaultConfigurationIsVisible = 0;
			defaultConfigurationName = Release;
		};
		182E0487217B092A0022D132 /* Build configuration list for PBXNativeTarget "BikeShare" */ = {
			isa = XCConfigurationList;
			buildConfigurations = (
				182E0488217B092A0022D132 /* Debug */,
				182E0489217B092A0022D132 /* Release */,
			);
			defaultConfigurationIsVisible = 0;
			defaultConfigurationName = Release;
		};
		182E048A217B092A0022D132 /* Build configuration list for PBXNativeTarget "BikeShareTests" */ = {
			isa = XCConfigurationList;
			buildConfigurations = (
				182E048B217B092A0022D132 /* Debug */,
				182E048C217B092A0022D132 /* Release */,
			);
			defaultConfigurationIsVisible = 0;
			defaultConfigurationName = Release;
		};
		182E048D217B092A0022D132 /* Build configuration list for PBXNativeTarget "BikeShareUITests" */ = {
			isa = XCConfigurationList;
			buildConfigurations = (
				182E048E217B092A0022D132 /* Debug */,
				182E048F217B092A0022D132 /* Release */,
			);
			defaultConfigurationIsVisible = 0;
			defaultConfigurationName = Release;
		};
/* End XCConfigurationList section */
	};
	rootObject = 182E0457217B09270022D132 /* Project object */;
}
